
Microsoft Visual Studio Solution File, Format Version 12.00
# Visual Studio Version 17
VisualStudioVersion = 17.0.31903.59
MinimumVisualStudioVersion = 10.0.40219.1
Project("{2150E333-8FDC-42A3-9474-1A3956D46DE8}") = "src", "src", "{827E0CD3-B72D-47B6-A68D-7590B98EB39B}"
EndProject
Project("{FAE04EC0-301F-11D3-BF4B-00C04F79EFBC}") = "TeacherAITools.Domain", "src\TeacherAITools.Domain\TeacherAITools.Domain.csproj", "{B77211DC-B6AC-4898-A9FC-19CAA068CD30}"
EndProject
Project("{FAE04EC0-301F-11D3-BF4B-00C04F79EFBC}") = "TeacherAITools.Application", "src\TeacherAITools.Application\TeacherAITools.Application.csproj", "{9B36D85B-B9D1-4E44-BE14-3AAA0B9EF218}"
EndProject
Project("{FAE04EC0-301F-11D3-BF4B-00C04F79EFBC}") = "TeacherAITools.Infrastructure", "src\TeacherAITools.Infrastructure\TeacherAITools.Infrastructure.csproj", "{378ED9FD-8703-4660-BE28-882C89037536}"
EndProject
Project("{2150E333-8FDC-42A3-9474-1A3956D46DE8}") = "tests", "tests", "{0AB3BF05-4346-4AA6-1389-037BE0695223}"
EndProject
Project("{FAE04EC0-301F-11D3-BF4B-00C04F79EFBC}") = "TeacherAITools.Application.UnitTests", "tests\TeacherAITools.Application.UnitTests\TeacherAITools.Application.UnitTests.csproj", "{648A6823-CA47-4D15-8608-19337157EE74}"
EndProject
Project("{FAE04EC0-301F-11D3-BF4B-00C04F79EFBC}") = "TeacherAITools.Domain.UnitTests", "tests\TeacherAITools.Domain.UnitTests\TeacherAITools.Domain.UnitTests.csproj", "{A9954944-ABA8-4EF7-8B1E-08A3B864AD58}"
EndProject
Project("{FAE04EC0-301F-11D3-BF4B-00C04F79EFBC}") = "TeacherAITools.Api", "src\TeacherAITools.Api\TeacherAITools.Api.csproj", "{79C116A6-5205-461A-A69B-E34AD3478A01}"
EndProject
Global
	GlobalSection(SolutionConfigurationPlatforms) = preSolution
		Debug|Any CPU = Debug|Any CPU
		Debug|x64 = Debug|x64
		Debug|x86 = Debug|x86
		Release|Any CPU = Release|Any CPU
		Release|x64 = Release|x64
		Release|x86 = Release|x86
	EndGlobalSection
	GlobalSection(ProjectConfigurationPlatforms) = postSolution
		{B77211DC-B6AC-4898-A9FC-19CAA068CD30}.Debug|Any CPU.ActiveCfg = Debug|Any CPU
		{B77211DC-B6AC-4898-A9FC-19CAA068CD30}.Debug|Any CPU.Build.0 = Debug|Any CPU
		{B77211DC-B6AC-4898-A9FC-19CAA068CD30}.Debug|x64.ActiveCfg = Debug|Any CPU
		{B77211DC-B6AC-4898-A9FC-19CAA068CD30}.Debug|x64.Build.0 = Debug|Any CPU
		{B77211DC-B6AC-4898-A9FC-19CAA068CD30}.Debug|x86.ActiveCfg = Debug|Any CPU
		{B77211DC-B6AC-4898-A9FC-19CAA068CD30}.Debug|x86.Build.0 = Debug|Any CPU
		{B77211DC-B6AC-4898-A9FC-19CAA068CD30}.Release|Any CPU.ActiveCfg = Release|Any CPU
		{B77211DC-B6AC-4898-A9FC-19CAA068CD30}.Release|Any CPU.Build.0 = Release|Any CPU
		{B77211DC-B6AC-4898-A9FC-19CAA068CD30}.Release|x64.ActiveCfg = Release|Any CPU
		{B77211DC-B6AC-4898-A9FC-19CAA068CD30}.Release|x64.Build.0 = Release|Any CPU
		{B77211DC-B6AC-4898-A9FC-19CAA068CD30}.Release|x86.ActiveCfg = Release|Any CPU
		{B77211DC-B6AC-4898-A9FC-19CAA068CD30}.Release|x86.Build.0 = Release|Any CPU
		{9B36D85B-B9D1-4E44-BE14-3AAA0B9EF218}.Debug|Any CPU.ActiveCfg = Debug|Any CPU
		{9B36D85B-B9D1-4E44-BE14-3AAA0B9EF218}.Debug|Any CPU.Build.0 = Debug|Any CPU
		{9B36D85B-B9D1-4E44-BE14-3AAA0B9EF218}.Debug|x64.ActiveCfg = Debug|Any CPU
		{9B36D85B-B9D1-4E44-BE14-3AAA0B9EF218}.Debug|x64.Build.0 = Debug|Any CPU
		{9B36D85B-B9D1-4E44-BE14-3AAA0B9EF218}.Debug|x86.ActiveCfg = Debug|Any CPU
		{9B36D85B-B9D1-4E44-BE14-3AAA0B9EF218}.Debug|x86.Build.0 = Debug|Any CPU
		{9B36D85B-B9D1-4E44-BE14-3AAA0B9EF218}.Release|Any CPU.ActiveCfg = Release|Any CPU
		{9B36D85B-B9D1-4E44-BE14-3AAA0B9EF218}.Release|Any CPU.Build.0 = Release|Any CPU
		{9B36D85B-B9D1-4E44-BE14-3AAA0B9EF218}.Release|x64.ActiveCfg = Release|Any CPU
		{9B36D85B-B9D1-4E44-BE14-3AAA0B9EF218}.Release|x64.Build.0 = Release|Any CPU
		{9B36D85B-B9D1-4E44-BE14-3AAA0B9EF218}.Release|x86.ActiveCfg = Release|Any CPU
		{9B36D85B-B9D1-4E44-BE14-3AAA0B9EF218}.Release|x86.Build.0 = Release|Any CPU
		{378ED9FD-8703-4660-BE28-882C89037536}.Debug|Any CPU.ActiveCfg = Debug|Any CPU
		{378ED9FD-8703-4660-BE28-882C89037536}.Debug|Any CPU.Build.0 = Debug|Any CPU
		{378ED9FD-8703-4660-BE28-882C89037536}.Debug|x64.ActiveCfg = Debug|Any CPU
		{378ED9FD-8703-4660-BE28-882C89037536}.Debug|x64.Build.0 = Debug|Any CPU
		{378ED9FD-8703-4660-BE28-882C89037536}.Debug|x86.ActiveCfg = Debug|Any CPU
		{378ED9FD-8703-4660-BE28-882C89037536}.Debug|x86.Build.0 = Debug|Any CPU
		{378ED9FD-8703-4660-BE28-882C89037536}.Release|Any CPU.ActiveCfg = Release|Any CPU
		{378ED9FD-8703-4660-BE28-882C89037536}.Release|Any CPU.Build.0 = Release|Any CPU
		{378ED9FD-8703-4660-BE28-882C89037536}.Release|x64.ActiveCfg = Release|Any CPU
		{378ED9FD-8703-4660-BE28-882C89037536}.Release|x64.Build.0 = Release|Any CPU
		{378ED9FD-8703-4660-BE28-882C89037536}.Release|x86.ActiveCfg = Release|Any CPU
		{378ED9FD-8703-4660-BE28-882C89037536}.Release|x86.Build.0 = Release|Any CPU
		{648A6823-CA47-4D15-8608-19337157EE74}.Debug|Any CPU.ActiveCfg = Debug|Any CPU
		{648A6823-CA47-4D15-8608-19337157EE74}.Debug|Any CPU.Build.0 = Debug|Any CPU
		{648A6823-CA47-4D15-8608-19337157EE74}.Debug|x64.ActiveCfg = Debug|Any CPU
		{648A6823-CA47-4D15-8608-19337157EE74}.Debug|x64.Build.0 = Debug|Any CPU
		{648A6823-CA47-4D15-8608-19337157EE74}.Debug|x86.ActiveCfg = Debug|Any CPU
		{648A6823-CA47-4D15-8608-19337157EE74}.Debug|x86.Build.0 = Debug|Any CPU
		{648A6823-CA47-4D15-8608-19337157EE74}.Release|Any CPU.ActiveCfg = Release|Any CPU
		{648A6823-CA47-4D15-8608-19337157EE74}.Release|Any CPU.Build.0 = Release|Any CPU
		{648A6823-CA47-4D15-8608-19337157EE74}.Release|x64.ActiveCfg = Release|Any CPU
		{648A6823-CA47-4D15-8608-19337157EE74}.Release|x64.Build.0 = Release|Any CPU
		{648A6823-CA47-4D15-8608-19337157EE74}.Release|x86.ActiveCfg = Release|Any CPU
		{648A6823-CA47-4D15-8608-19337157EE74}.Release|x86.Build.0 = Release|Any CPU
		{A9954944-ABA8-4EF7-8B1E-08A3B864AD58}.Debug|Any CPU.ActiveCfg = Debug|Any CPU
		{A9954944-ABA8-4EF7-8B1E-08A3B864AD58}.Debug|Any CPU.Build.0 = Debug|Any CPU
		{A9954944-ABA8-4EF7-8B1E-08A3B864AD58}.Debug|x64.ActiveCfg = Debug|Any CPU
		{A9954944-ABA8-4EF7-8B1E-08A3B864AD58}.Debug|x64.Build.0 = Debug|Any CPU
		{A9954944-ABA8-4EF7-8B1E-08A3B864AD58}.Debug|x86.ActiveCfg = Debug|Any CPU
		{A9954944-ABA8-4EF7-8B1E-08A3B864AD58}.Debug|x86.Build.0 = Debug|Any CPU
		{A9954944-ABA8-4EF7-8B1E-08A3B864AD58}.Release|Any CPU.ActiveCfg = Release|Any CPU
		{A9954944-ABA8-4EF7-8B1E-08A3B864AD58}.Release|Any CPU.Build.0 = Release|Any CPU
		{A9954944-ABA8-4EF7-8B1E-08A3B864AD58}.Release|x64.ActiveCfg = Release|Any CPU
		{A9954944-ABA8-4EF7-8B1E-08A3B864AD58}.Release|x64.Build.0 = Release|Any CPU
		{A9954944-ABA8-4EF7-8B1E-08A3B864AD58}.Release|x86.ActiveCfg = Release|Any CPU
		{A9954944-ABA8-4EF7-8B1E-08A3B864AD58}.Release|x86.Build.0 = Release|Any CPU
		{79C116A6-5205-461A-A69B-E34AD3478A01}.Debug|Any CPU.ActiveCfg = Debug|Any CPU
		{79C116A6-5205-461A-A69B-E34AD3478A01}.Debug|Any CPU.Build.0 = Debug|Any CPU
		{79C116A6-5205-461A-A69B-E34AD3478A01}.Debug|x64.ActiveCfg = Debug|Any CPU
		{79C116A6-5205-461A-A69B-E34AD3478A01}.Debug|x64.Build.0 = Debug|Any CPU
		{79C116A6-5205-461A-A69B-E34AD3478A01}.Debug|x86.ActiveCfg = Debug|Any CPU
		{79C116A6-5205-461A-A69B-E34AD3478A01}.Debug|x86.Build.0 = Debug|Any CPU
		{79C116A6-5205-461A-A69B-E34AD3478A01}.Release|Any CPU.ActiveCfg = Release|Any CPU
		{79C116A6-5205-461A-A69B-E34AD3478A01}.Release|Any CPU.Build.0 = Release|Any CPU
		{79C116A6-5205-461A-A69B-E34AD3478A01}.Release|x64.ActiveCfg = Release|Any CPU
		{79C116A6-5205-461A-A69B-E34AD3478A01}.Release|x64.Build.0 = Release|Any CPU
		{79C116A6-5205-461A-A69B-E34AD3478A01}.Release|x86.ActiveCfg = Release|Any CPU
		{79C116A6-5205-461A-A69B-E34AD3478A01}.Release|x86.Build.0 = Release|Any CPU
	EndGlobalSection
	GlobalSection(SolutionProperties) = preSolution
		HideSolutionNode = FALSE
	EndGlobalSection
	GlobalSection(NestedProjects) = preSolution
		{B77211DC-B6AC-4898-A9FC-19CAA068CD30} = {827E0CD3-B72D-47B6-A68D-7590B98EB39B}
		{9B36D85B-B9D1-4E44-BE14-3AAA0B9EF218} = {827E0CD3-B72D-47B6-A68D-7590B98EB39B}
		{378ED9FD-8703-4660-BE28-882C89037536} = {827E0CD3-B72D-47B6-A68D-7590B98EB39B}
		{648A6823-CA47-4D15-8608-19337157EE74} = {0AB3BF05-4346-4AA6-1389-037BE0695223}
		{A9954944-ABA8-4EF7-8B1E-08A3B864AD58} = {0AB3BF05-4346-4AA6-1389-037BE0695223}
		{79C116A6-5205-461A-A69B-E34AD3478A01} = {827E0CD3-B72D-47B6-A68D-7590B98EB39B}
	EndGlobalSection
	GlobalSection(ExtensibilityGlobals) = postSolution
		SolutionGuid = {A66FE319-6580-4580-9BF5-AB7C2C0E5DAE}
	EndGlobalSection
EndGlobal
